
Microsoft Visual Studio Solution File, Format Version 12.00
# Visual Studio Version 17
VisualStudioVersion = 17.0.31903.59
MinimumVisualStudioVersion = 10.0.40219.1
Project("{888888A0-9F3D-457C-B088-3A5042F75D52}") = "ArcadeLauncher-Server", "ArcadeLauncher-Server.pyproj", "{7F7E5E98-5E71-4D8C-8C84-5BEE34E82F3A}"
EndProject
Global
	GlobalSection(SolutionConfigurationPlatforms) = preSolution
		Debug|Any CPU = Debug|Any CPU
		Release|Any CPU = Release|Any CPU
	EndGlobalSection
	GlobalSection(ProjectConfigurationPlatforms) = postSolution
		{7F7E5E98-5E71-4D8C-8C84-5BEE34E82F3A}.Debug|Any CPU.ActiveCfg = Debug|Any CPU
		{7F7E5E98-5E71-4D8C-8C84-5BEE34E82F3A}.Release|Any CPU.ActiveCfg = Release|Any CPU
	EndGlobalSection
	GlobalSection(SolutionProperties) = preSolution
		HideSolutionNode = FALSE
	EndGlobalSection
EndGlobal
